#
# This file is autogenerated by pip-compile with Python 3.12
# by the following command:
#
#    pip-compile --extra=dev --output-file=requirements.lock pyproject.toml
#
coverage[toml]==7.14.0
    # via pytest-cov
iniconfig==2.3.0
    # via pytest
packaging==26.2
    # via pytest
pluggy==1.6.0
    # via
    #   pytest
    #   pytest-cov
pygments==2.20.0
    # via pytest
pytest==9.0.3
    # via
    #   pytest-cov
    #   vibecodekit-mql5-ea (pyproject.toml)
pytest-cov==7.1.0
    # via vibecodekit-mql5-ea (pyproject.toml)
pyyaml==6.0.3
    # via vibecodekit-mql5-ea (pyproject.toml)
ruff==0.15.13
    # via vibecodekit-mql5-ea (pyproject.toml)
